
Microsoft Visual Studio Solution File, Format Version 12.00
# Visual Studio 15
VisualStudioVersion = 15.0.26228.4
MinimumVisualStudioVersion = 10.0.40219.1
Project("{FAE04EC0-301F-11D3-BF4B-00C04F79EFBC}") = "UnscentedKalmanFilter", "UnscentedKalmanFilter\UnscentedKalmanFilter.csproj", "{FADAFD6C-9B9D-444C-B991-398AE5C67712}"
EndProject
Project("{FAE04EC0-301F-11D3-BF4B-00C04F79EFBC}") = "Backpropagation", "PerceptronMulticapa\Backpropagation.csproj", "{B375162D-B962-41C8-B35A-C881A978043C}"
EndProject
Project("{FAE04EC0-301F-11D3-BF4B-00C04F79EFBC}") = "GA", "GA\GA.csproj", "{2DDF39EE-0503-4C4B-B215-BCA4ECE66DFC}"
EndProject
Project("{FAE04EC0-301F-11D3-BF4B-00C04F79EFBC}") = "NSGA2", "NSGA2\NSGA2.csproj", "{0EBA0B91-390A-4529-BF2E-9E6DA34B8AF4}"
EndProject
Project("{FAE04EC0-301F-11D3-BF4B-00C04F79EFBC}") = "ExampleUse_KalmanFilter", "ExampleUse_KalmanFilter\ExampleUse_KalmanFilter.csproj", "{18445F38-685F-4A9C-BB11-4BB6B18AF296}"
EndProject
Global
	GlobalSection(SolutionConfigurationPlatforms) = preSolution
		Debug|Any CPU = Debug|Any CPU
		Release|Any CPU = Release|Any CPU
	EndGlobalSection
	GlobalSection(ProjectConfigurationPlatforms) = postSolution
		{FADAFD6C-9B9D-444C-B991-398AE5C67712}.Debug|Any CPU.ActiveCfg = Debug|Any CPU
		{FADAFD6C-9B9D-444C-B991-398AE5C67712}.Debug|Any CPU.Build.0 = Debug|Any CPU
		{FADAFD6C-9B9D-444C-B991-398AE5C67712}.Release|Any CPU.ActiveCfg = Release|Any CPU
		{FADAFD6C-9B9D-444C-B991-398AE5C67712}.Release|Any CPU.Build.0 = Release|Any CPU
		{B375162D-B962-41C8-B35A-C881A978043C}.Debug|Any CPU.ActiveCfg = Debug|Any CPU
		{B375162D-B962-41C8-B35A-C881A978043C}.Debug|Any CPU.Build.0 = Debug|Any CPU
		{B375162D-B962-41C8-B35A-C881A978043C}.Release|Any CPU.ActiveCfg = Release|Any CPU
		{B375162D-B962-41C8-B35A-C881A978043C}.Release|Any CPU.Build.0 = Release|Any CPU
		{2DDF39EE-0503-4C4B-B215-BCA4ECE66DFC}.Debug|Any CPU.ActiveCfg = Debug|Any CPU
		{2DDF39EE-0503-4C4B-B215-BCA4ECE66DFC}.Debug|Any CPU.Build.0 = Debug|Any CPU
		{2DDF39EE-0503-4C4B-B215-BCA4ECE66DFC}.Release|Any CPU.ActiveCfg = Release|Any CPU
		{2DDF39EE-0503-4C4B-B215-BCA4ECE66DFC}.Release|Any CPU.Build.0 = Release|Any CPU
		{0EBA0B91-390A-4529-BF2E-9E6DA34B8AF4}.Debug|Any CPU.ActiveCfg = Debug|Any CPU
		{0EBA0B91-390A-4529-BF2E-9E6DA34B8AF4}.Debug|Any CPU.Build.0 = Debug|Any CPU
		{0EBA0B91-390A-4529-BF2E-9E6DA34B8AF4}.Release|Any CPU.ActiveCfg = Release|Any CPU
		{0EBA0B91-390A-4529-BF2E-9E6DA34B8AF4}.Release|Any CPU.Build.0 = Release|Any CPU
		{18445F38-685F-4A9C-BB11-4BB6B18AF296}.Debug|Any CPU.ActiveCfg = Debug|Any CPU
		{18445F38-685F-4A9C-BB11-4BB6B18AF296}.Debug|Any CPU.Build.0 = Debug|Any CPU
		{18445F38-685F-4A9C-BB11-4BB6B18AF296}.Release|Any CPU.ActiveCfg = Release|Any CPU
		{18445F38-685F-4A9C-BB11-4BB6B18AF296}.Release|Any CPU.Build.0 = Release|Any CPU
	EndGlobalSection
	GlobalSection(SolutionProperties) = preSolution
		HideSolutionNode = FALSE
	EndGlobalSection
	GlobalSection(ExtensibilityGlobals) = postSolution
		SolutionGuid = {BA1E1C6E-BFD0-40BA-96F0-58EFC8965992}
	EndGlobalSection
EndGlobal
